{
  "requires": true,
  "lockfileVersion": 1,
  "dependencies": {
    "@splidejs/splide-extension-auto-scroll": {
      "version": "0.3.4",
      "resolved": "https://registry.npmjs.org/@splidejs/splide-extension-auto-scroll/-/splide-extension-auto-scroll-0.3.4.tgz",
      "integrity": "sha512-4f7q4oM54eliCKlHp9zu84cqti9vT7eUU3Xbnixx8VxTZZv+Qb9zIHhW/fDnRYZtV0LQSCBQgPtvUKkNH+D/UA=="
    }
  }
}
